
Microsoft Visual Studio Solution File, Format Version 12.00
# Visual Studio 15
VisualStudioVersion = 15.0.27703.2042
MinimumVisualStudioVersion = 10.0.40219.1
Project("{FAE04EC0-301F-11D3-BF4B-00C04F79EFBC}") = "tcpMultiConnections", "tcpMultiConnections\tcpMultiConnections.csproj", "{D3074096-207B-407E-9E7C-A042DE604D2C}"
EndProject
Global
	GlobalSection(SolutionConfigurationPlatforms) = preSolution
		Debug|Any CPU = Debug|Any CPU
		Release|Any CPU = Release|Any CPU
	EndGlobalSection
	GlobalSection(ProjectConfigurationPlatforms) = postSolution
		{D3074096-207B-407E-9E7C-A042DE604D2C}.Debug|Any CPU.ActiveCfg = Debug|Any CPU
		{D3074096-207B-407E-9E7C-A042DE604D2C}.Debug|Any CPU.Build.0 = Debug|Any CPU
		{D3074096-207B-407E-9E7C-A042DE604D2C}.Release|Any CPU.ActiveCfg = Release|Any CPU
		{D3074096-207B-407E-9E7C-A042DE604D2C}.Release|Any CPU.Build.0 = Release|Any CPU
	EndGlobalSection
	GlobalSection(SolutionProperties) = preSolution
		HideSolutionNode = FALSE
	EndGlobalSection
	GlobalSection(ExtensibilityGlobals) = postSolution
		SolutionGuid = {21DC9900-C2B0-46BD-8674-11900BE1A55F}
	EndGlobalSection
EndGlobal
